
Microsoft Visual Studio Solution File, Format Version 12.00
# Visual Studio Version 16
VisualStudioVersion = 16.0.29905.134
MinimumVisualStudioVersion = 10.0.40219.1
Project("{FAE04EC0-301F-11D3-BF4B-00C04F79EFBC}") = "p3z3", "p3z3\p3z3.csproj", "{5E381947-5FE4-412F-A1E1-18A6F34C2533}"
EndProject
Global
	GlobalSection(SolutionConfigurationPlatforms) = preSolution
		Debug|Any CPU = Debug|Any CPU
		Release|Any CPU = Release|Any CPU
	EndGlobalSection
	GlobalSection(ProjectConfigurationPlatforms) = postSolution
		{5E381947-5FE4-412F-A1E1-18A6F34C2533}.Debug|Any CPU.ActiveCfg = Debug|Any CPU
		{5E381947-5FE4-412F-A1E1-18A6F34C2533}.Debug|Any CPU.Build.0 = Debug|Any CPU
		{5E381947-5FE4-412F-A1E1-18A6F34C2533}.Release|Any CPU.ActiveCfg = Release|Any CPU
		{5E381947-5FE4-412F-A1E1-18A6F34C2533}.Release|Any CPU.Build.0 = Release|Any CPU
	EndGlobalSection
	GlobalSection(SolutionProperties) = preSolution
		HideSolutionNode = FALSE
	EndGlobalSection
	GlobalSection(ExtensibilityGlobals) = postSolution
		SolutionGuid = {D00FFD39-0050-4352-9FCC-1B4AEE09221D}
	EndGlobalSection
EndGlobal
